
Microsoft Visual Studio Solution File, Format Version 12.00
# Visual Studio Version 16
VisualStudioVersion = 16.0.31313.79
MinimumVisualStudioVersion = 10.0.40219.1
Project("{FAE04EC0-301F-11D3-BF4B-00C04F79EFBC}") = "DM_Tools", "DM_Tools\DM_Tools.csproj", "{3320F689-9459-4639-B884-C9DE5215B532}"
EndProject
Global
	GlobalSection(SolutionConfigurationPlatforms) = preSolution
		Debug|Any CPU = Debug|Any CPU
		Release|Any CPU = Release|Any CPU
	EndGlobalSection
	GlobalSection(ProjectConfigurationPlatforms) = postSolution
		{3320F689-9459-4639-B884-C9DE5215B532}.Debug|Any CPU.ActiveCfg = Debug|Any CPU
		{3320F689-9459-4639-B884-C9DE5215B532}.Debug|Any CPU.Build.0 = Debug|Any CPU
		{3320F689-9459-4639-B884-C9DE5215B532}.Release|Any CPU.ActiveCfg = Release|Any CPU
		{3320F689-9459-4639-B884-C9DE5215B532}.Release|Any CPU.Build.0 = Release|Any CPU
	EndGlobalSection
	GlobalSection(SolutionProperties) = preSolution
		HideSolutionNode = FALSE
	EndGlobalSection
	GlobalSection(ExtensibilityGlobals) = postSolution
		SolutionGuid = {4F6D33F6-BFBF-422E-8E0B-1D122E1F5E1E}
	EndGlobalSection
EndGlobal
